
Microsoft Visual Studio Solution File, Format Version 12.00
# Visual Studio Version 16
VisualStudioVersion = 16.0.31702.278
MinimumVisualStudioVersion = 10.0.40219.1
Project("{FAE04EC0-301F-11D3-BF4B-00C04F79EFBC}") = "projeto km", "projeto km\projeto km.csproj", "{3A9B21A9-B998-4774-A333-43040F0AE82E}"
EndProject
Global
	GlobalSection(SolutionConfigurationPlatforms) = preSolution
		Debug|Any CPU = Debug|Any CPU
		Release|Any CPU = Release|Any CPU
	EndGlobalSection
	GlobalSection(ProjectConfigurationPlatforms) = postSolution
		{3A9B21A9-B998-4774-A333-43040F0AE82E}.Debug|Any CPU.ActiveCfg = Debug|Any CPU
		{3A9B21A9-B998-4774-A333-43040F0AE82E}.Debug|Any CPU.Build.0 = Debug|Any CPU
		{3A9B21A9-B998-4774-A333-43040F0AE82E}.Release|Any CPU.ActiveCfg = Release|Any CPU
		{3A9B21A9-B998-4774-A333-43040F0AE82E}.Release|Any CPU.Build.0 = Release|Any CPU
	EndGlobalSection
	GlobalSection(SolutionProperties) = preSolution
		HideSolutionNode = FALSE
	EndGlobalSection
	GlobalSection(ExtensibilityGlobals) = postSolution
		SolutionGuid = {1BDB1B08-8DEF-487E-8509-F6D0E1D31AD0}
	EndGlobalSection
EndGlobal
